
Microsoft Visual Studio Solution File, Format Version 12.00
# Visual Studio Version 17
VisualStudioVersion = 17.0.31912.275
MinimumVisualStudioVersion = 10.0.40219.1
Project("{FAE04EC0-301F-11D3-BF4B-00C04F79EFBC}") = "OgarniaczAllegro.WebAPI", "OgarniaczAllegro.WebAPI\OgarniaczAllegro.WebAPI.csproj", "{5B7B1CD3-1154-4969-A7F8-E2CF585E2F42}"
EndProject
Project("{9A19103F-16F7-4668-BE54-9A1E7A4F7556}") = "OgarniaczAllegro.DAL", "..\..\..\..\zzzSymlinkiDoVisualStudio\OgarniaczAllegro.DAL\OgarniaczAllegro.DAL.csproj", "{C1054AEE-3EF7-41DE-81C3-F345A76D6C6E}"
EndProject
Global
	GlobalSection(SolutionConfigurationPlatforms) = preSolution
		Debug|Any CPU = Debug|Any CPU
		Release|Any CPU = Release|Any CPU
	EndGlobalSection
	GlobalSection(ProjectConfigurationPlatforms) = postSolution
		{5B7B1CD3-1154-4969-A7F8-E2CF585E2F42}.Debug|Any CPU.ActiveCfg = Debug|Any CPU
		{5B7B1CD3-1154-4969-A7F8-E2CF585E2F42}.Debug|Any CPU.Build.0 = Debug|Any CPU
		{5B7B1CD3-1154-4969-A7F8-E2CF585E2F42}.Release|Any CPU.ActiveCfg = Release|Any CPU
		{5B7B1CD3-1154-4969-A7F8-E2CF585E2F42}.Release|Any CPU.Build.0 = Release|Any CPU
		{C1054AEE-3EF7-41DE-81C3-F345A76D6C6E}.Debug|Any CPU.ActiveCfg = Debug|Any CPU
		{C1054AEE-3EF7-41DE-81C3-F345A76D6C6E}.Debug|Any CPU.Build.0 = Debug|Any CPU
		{C1054AEE-3EF7-41DE-81C3-F345A76D6C6E}.Release|Any CPU.ActiveCfg = Release|Any CPU
		{C1054AEE-3EF7-41DE-81C3-F345A76D6C6E}.Release|Any CPU.Build.0 = Release|Any CPU
	EndGlobalSection
	GlobalSection(SolutionProperties) = preSolution
		HideSolutionNode = FALSE
	EndGlobalSection
	GlobalSection(ExtensibilityGlobals) = postSolution
		SolutionGuid = {474668D6-A6A8-4865-86F7-191E90156388}
	EndGlobalSection
EndGlobal
